{
  "name": "umdsc-dance-class-system",
  "lockfileVersion": 3,
  "requires": true,
  "packages": {
    "": {
      "name": "umdsc-dance-class-system",
      "workspaces": [
        "shared",
        "api",
        "web"
      ]
    },
    "node_modules/@umdsc/shared": {
      "resolved": "shared",
      "link": true
    },
    "shared": {
      "name": "@umdsc/shared",
      "version": "0.1.0"
    }
  }
}
